// !$*UTF8*$!
{
	archiveVersion = 1;
	classes = {
	};
	objectVersion = 46;
	objects = {

/* Begin PBXBuildFile section */
		CF019BC51B75C9AD00180B14 /* AppDelegate.swift in Sources */ = {isa = PBXBuildFile; fileRef = CF019BC41B75C9AD00180B14 /* AppDelegate.swift */; };
		CF019BC71B75C9AD00180B14 /* ViewController.swift in Sources */ = {isa = PBXBuildFile; fileRef = CF019BC61B75C9AD00180B14 /* ViewController.swift */; };
		CF019BCA1B75C9AD00180B14 /* Main.storyboard in Resources */ = {isa = PBXBuildFile; fileRef = CF019BC81B75C9AD00180B14 /* Main.storyboard */; };
		CF019BCC1B75C9AD00180B14 /* Images.xcassets in Resources */ = {isa = PBXBuildFile; fileRef = CF019BCB1B75C9AD00180B14 /* Images.xcassets */; };
		CF019BCF1B75C9AD00180B14 /* LaunchScreen.xib in Resources */ = {isa = PBXBuildFile; fileRef = CF019BCD1B75C9AD00180B14 /* LaunchScreen.xib */; };
		CF019BDB1B75C9AD00180B14 /* OverRustleiOSTests.swift in Sources */ = {isa = PBXBuildFile; fileRef = CF019BDA1B75C9AD00180B14 /* OverRustleiOSTests.swift */; };
/* End PBXBuildFile section */

/* Begin PBXContainerItemProxy section */
		CF019BD51B75C9AD00180B14 /* PBXContainerItemProxy */ = {
			isa = PBXContainerItemProxy;
			containerPortal = CF019BB71B75C9AD00180B14 /* Project object */;
			proxyType = 1;
			remoteGlobalIDString = CF019BBE1B75C9AD00180B14;
			remoteInfo = OverRustleiOS;
		};
/* End PBXContainerItemProxy section */

/* Begin PBXFileReference section */
		CF019BBF1B75C9AD00180B14 /* OverRustleiOS.app */ = {isa = PBXFileReference; explicitFileType = wrapper.application; includeInIndex = 0; path = OverRustleiOS.app; sourceTree = BUILT_PRODUCTS_DIR; };
		CF019BC31B75C9AD00180B14 /* Info.plist */ = {isa = PBXFileReference; lastKnownFileType = text.plist.xml; path = Info.plist; sourceTree = "<group>"; };
		CF019BC41B75C9AD00180B14 /* AppDelegate.swift */ = {isa = PBXFileReference; lastKnownFileType = sourcecode.swift; path = AppDelegate.swift; sourceTree = "<group>"; };
		CF019BC61B75C9AD00180B14 /* ViewController.swift */ = {isa = PBXFileReference; lastKnownFileType = sourcecode.swift; path = ViewController.swift; sourceTree = "<group>"; };
		CF019BC91B75C9AD00180B14 /* Base */ = {isa = PBXFileReference; lastKnownFileType = file.storyboard; name = Base; path = Base.lproj/Main.storyboard; sourceTree = "<group>"; };
		CF019BCB1B75C9AD00180B14 /* Images.xcassets */ = {isa = PBXFileReference; lastKnownFileType = folder.assetcatalog; path = Images.xcassets; sourceTree = "<group>"; };
		CF019BCE1B75C9AD00180B14 /* Base */ = {isa = PBXFileReference; lastKnownFileType = file.xib; name = Base; path = Base.lproj/LaunchScreen.xib; sourceTree = "<group>"; };
		CF019BD41B75C9AD00180B14 /* OverRustleiOSTests.xctest */ = {isa = PBXFileReference; explicitFileType = wrapper.cfbundle; includeInIndex = 0; path = OverRustleiOSTests.xctest; sourceTree = BUILT_PRODUCTS_DIR; };
		CF019BD91B75C9AD00180B14 /* Info.plist */ = {isa = PBXFileReference; lastKnownFileType = text.plist.xml; path = Info.plist; sourceTree = "<group>"; };
		CF019BDA1B75C9AD00180B14 /* OverRustleiOSTests.swift */ = {isa = PBXFileReference; lastKnownFileType = sourcecode.swift; path = OverRustleiOSTests.swift; sourceTree = "<group>"; };
/* End PBXFileReference section */

/* Begin PBXFrameworksBuildPhase section */
		CF019BBC1B75C9AD00180B14 /* Frameworks */ = {
			isa = PBXFrameworksBuildPhase;
			buildActionMask = 2147483647;
			files = (
			);
			runOnlyForDeploymentPostprocessing = 0;
		};
		CF019BD11B75C9AD00180B14 /* Frameworks */ = {
			isa = PBXFrameworksBuildPhase;
			buildActionMask = 2147483647;
			files = (
			);
			runOnlyForDeploymentPostprocessing = 0;
		};
/* End PBXFrameworksBuildPhase section */

/* Begin PBXGroup section */
		CF019BB61B75C9AD00180B14 = {
			isa = PBXGroup;
			children = (
				CF019BC11B75C9AD00180B14 /* OverRustleiOS */,
				CF019BD71B75C9AD00180B14 /* OverRustleiOSTests */,
				CF019BC01B75C9AD00180B14 /* Products */,
			);
			sourceTree = "<group>";
		};
		CF019BC01B75C9AD00180B14 /* Products */ = {
			isa = PBXGroup;
			children = (
				CF019BBF1B75C9AD00180B14 /* OverRustleiOS.app */,
				CF019BD41B75C9AD00180B14 /* OverRustleiOSTests.xctest */,
			);
			name = Products;
			sourceTree = "<group>";
		};
		CF019BC11B75C9AD00180B14 /* OverRustleiOS */ = {
			isa = PBXGroup;
			children = (
				CF019BC41B75C9AD00180B14 /* AppDelegate.swift */,
				CF019BC61B75C9AD00180B14 /* ViewController.swift */,
				CF019BC81B75C9AD00180B14 /* Main.storyboard */,
				CF019BCB1B75C9AD00180B14 /* Images.xcassets */,
				CF019BCD1B75C9AD00180B14 /* LaunchScreen.xib */,
				CF019BC21B75C9AD00180B14 /* Supporting Files */,
			);
			path = OverRustleiOS;
			sourceTree = "<group>";
		};
		CF019BC21B75C9AD00180B14 /* Supporting Files */ = {
			isa = PBXGroup;
			children = (
				CF019BC31B75C9AD00180B14 /* Info.plist */,
			);
			name = "Supporting Files";
			sourceTree = "<group>";
		};
		CF019BD71B75C9AD00180B14 /* OverRustleiOSTests */ = {
			isa = PBXGroup;
			children = (
				CF019BDA1B75C9AD00180B14 /* OverRustleiOSTests.swift */,
				CF019BD81B75C9AD00180B14 /* Supporting Files */,
			);
			path = OverRustleiOSTests;
			sourceTree = "<group>";
		};
		CF019BD81B75C9AD00180B14 /* Supporting Files */ = {
			isa = PBXGroup;
			children = (
				CF019BD91B75C9AD00180B14 /* Info.plist */,
			);
			name = "Supporting Files";
			sourceTree = "<group>";
		};
/* End PBXGroup section */

/* Begin PBXNativeTarget section */
		CF019BBE1B75C9AD00180B14 /* OverRustleiOS */ = {
			isa = PBXNativeTarget;
			buildConfigurationList = CF019BDE1B75C9AD00180B14 /* Build configuration list for PBXNativeTarget "OverRustleiOS" */;
			buildPhases = (
				CF019BBB1B75C9AD00180B14 /* Sources */,
				CF019BBC1B75C9AD00180B14 /* Frameworks */,
				CF019BBD1B75C9AD00180B14 /* Resources */,
			);
			buildRules = (
			);
			dependencies = (
			);
			name = OverRustleiOS;
			productName = OverRustleiOS;
			productReference = CF019BBF1B75C9AD00180B14 /* OverRustleiOS.app */;
			productType = "com.apple.product-type.application";
		};
		CF019BD31B75C9AD00180B14 /* OverRustleiOSTests */ = {
			isa = PBXNativeTarget;
			buildConfigurationList = CF019BE11B75C9AD00180B14 /* Build configuration list for PBXNativeTarget "OverRustleiOSTests" */;
			buildPhases = (
				CF019BD01B75C9AD00180B14 /* Sources */,
				CF019BD11B75C9AD00180B14 /* Frameworks */,
				CF019BD21B75C9AD00180B14 /* Resources */,
			);
			buildRules = (
			);
			dependencies = (
				CF019BD61B75C9AD00180B14 /* PBXTargetDependency */,
			);
			name = OverRustleiOSTests;
			productName = OverRustleiOSTests;
			productReference = CF019BD41B75C9AD00180B14 /* OverRustleiOSTests.xctest */;
			productType = "com.apple.product-type.bundle.unit-test";
		};
/* End PBXNativeTarget section */

/* Begin PBXProject section */
		CF019BB71B75C9AD00180B14 /* Project object */ = {
			isa = PBXProject;
			attributes = {
				LastUpgradeCheck = 0640;
				ORGANIZATIONNAME = "Maxwell Burggraf";
				TargetAttributes = {
					CF019BBE1B75C9AD00180B14 = {
						CreatedOnToolsVersion = 6.4;
					};
					CF019BD31B75C9AD00180B14 = {
						CreatedOnToolsVersion = 6.4;
						TestTargetID = CF019BBE1B75C9AD00180B14;
					};
				};
			};
			buildConfigurationList = CF019BBA1B75C9AD00180B14 /* Build configuration list for PBXProject "OverRustleiOS" */;
			compatibilityVersion = "Xcode 3.2";
			developmentRegion = English;
			hasScannedForEncodings = 0;
			knownRegions = (
				en,
				Base,
			);
			mainGroup = CF019BB61B75C9AD00180B14;
			productRefGroup = CF019BC01B75C9AD00180B14 /* Products */;
			projectDirPath = "";
			projectRoot = "";
			targets = (
				CF019BBE1B75C9AD00180B14 /* OverRustleiOS */,
				CF019BD31B75C9AD00180B14 /* OverRustleiOSTests */,
			);
		};
/* End PBXProject section */

/* Begin PBXResourcesBuildPhase section */
		CF019BBD1B75C9AD00180B14 /* Resources */ = {
			isa = PBXResourcesBuildPhase;
			buildActionMask = 2147483647;
			files = (
				CF019BCA1B75C9AD00180B14 /* Main.storyboard in Resources */,
				CF019BCF1B75C9AD00180B14 /* LaunchScreen.xib in Resources */,
				CF019BCC1B75C9AD00180B14 /* Images.xcassets in Resources */,
			);
			runOnlyForDeploymentPostprocessing = 0;
		};
		CF019BD21B75C9AD00180B14 /* Resources */ = {
			isa = PBXResourcesBuildPhase;
			buildActionMask = 2147483647;
			files = (
			);
			runOnlyForDeploymentPostprocessing = 0;
		};
/* End PBXResourcesBuildPhase section */

/* Begin PBXSourcesBuildPhase section */
		CF019BBB1B75C9AD00180B14 /* Sources */ = {
			isa = PBXSourcesBuildPhase;
			buildActionMask = 2147483647;
			files = (
				CF019BC71B75C9AD00180B14 /* ViewController.swift in Sources */,
				CF019BC51B75C9AD00180B14 /* AppDelegate.swift in Sources */,
			);
			runOnlyForDeploymentPostprocessing = 0;
		};
		CF019BD01B75C9AD00180B14 /* Sources */ = {
			isa = PBXSourcesBuildPhase;
			buildActionMask = 2147483647;
			files = (
				CF019BDB1B75C9AD00180B14 /* OverRustleiOSTests.swift in Sources */,
			);
			runOnlyForDeploymentPostprocessing = 0;
		};
/* End PBXSourcesBuildPhase section */

/* Begin PBXTargetDependency section */
		CF019BD61B75C9AD00180B14 /* PBXTargetDependency */ = {
			isa = PBXTargetDependency;
			target = CF019BBE1B75C9AD00180B14 /* OverRustleiOS */;
			targetProxy = CF019BD51B75C9AD00180B14 /* PBXContainerItemProxy */;
		};
/* End PBXTargetDependency section */

/* Begin PBXVariantGroup section */
		CF019BC81B75C9AD00180B14 /* Main.storyboard */ = {
			isa = PBXVariantGroup;
			children = (
				CF019BC91B75C9AD00180B14 /* Base */,
			);
			name = Main.storyboard;
			sourceTree = "<group>";
		};
		CF019BCD1B75C9AD00180B14 /* LaunchScreen.xib */ = {
			isa = PBXVariantGroup;
			children = (
				CF019BCE1B75C9AD00180B14 /* Base */,
			);
			name = LaunchScreen.xib;
			sourceTree = "<group>";
		};
/* End PBXVariantGroup section */

/* Begin XCBuildConfiguration section */
		CF019BDC1B75C9AD00180B14 /* Debug */ = {
			isa = XCBuildConfiguration;
			buildSettings = {
				ALWAYS_SEARCH_USER_PATHS = NO;
				CLANG_CXX_LANGUAGE_STANDARD = "gnu++0x";
				CLANG_CXX_LIBRARY = "libc++";
				CLANG_ENABLE_MODULES = YES;
				CLANG_ENABLE_OBJC_ARC = YES;
				CLANG_WARN_BOOL_CONVERSION = YES;
				CLANG_WARN_CONSTANT_CONVERSION = YES;
				CLANG_WARN_DIRECT_OBJC_ISA_USAGE = YES_ERROR;
				CLANG_WARN_EMPTY_BODY = YES;
				CLANG_WARN_ENUM_CONVERSION = YES;
				CLANG_WARN_INT_CONVERSION = YES;
				CLANG_WARN_OBJC_ROOT_CLASS = YES_ERROR;
				CLANG_WARN_UNREACHABLE_CODE = YES;
				CLANG_WARN__DUPLICATE_METHOD_MATCH = YES;
				"CODE_SIGN_IDENTITY[sdk=iphoneos*]" = "iPhone Developer";
				COPY_PHASE_STRIP = NO;
				DEBUG_INFORMATION_FORMAT = "dwarf-with-dsym";
				ENABLE_STRICT_OBJC_MSGSEND = YES;
				GCC_C_LANGUAGE_STANDARD = gnu99;
				GCC_DYNAMIC_NO_PIC = NO;
				GCC_NO_COMMON_BLOCKS = YES;
				GCC_OPTIMIZATION_LEVEL = 0;
				GCC_PREPROCESSOR_DEFINITIONS = (
					"DEBUG=1",
					"$(inherited)",
				);
				GCC_SYMBOLS_PRIVATE_EXTERN = NO;
				GCC_WARN_64_TO_32_BIT_CONVERSION = YES;
				GCC_WARN_ABOUT_RETURN_TYPE = YES_ERROR;
				GCC_WARN_UNDECLARED_SELECTOR = YES;
				GCC_WARN_UNINITIALIZED_AUTOS = YES_AGGRESSIVE;
				GCC_WARN_UNUSED_FUNCTION = YES;
				GCC_WARN_UNUSED_VARIABLE = YES;
				IPHONEOS_DEPLOYMENT_TARGET = 8.4;
				MTL_ENABLE_DEBUG_INFO = YES;
				ONLY_ACTIVE_ARCH = YES;
				SDKROOT = iphoneos;
				SWIFT_OPTIMIZATION_LEVEL = "-Onone";
				TARGETED_DEVICE_FAMILY = "1,2";
			};
			name = Debug;
		};
		CF019BDD1B75C9AD00180B14 /* Release */ = {
			isa = XCBuildConfiguration;
			buildSettings = {
				ALWAYS_SEARCH_USER_PATHS = NO;
				CLANG_CXX_LANGUAGE_STANDARD = "gnu++0x";
				CLANG_CXX_LIBRARY = "libc++";
				CLANG_ENABLE_MODULES = YES;
				CLANG_ENABLE_OBJC_ARC = YES;
				CLANG_WARN_BOOL_CONVERSION = YES;
				CLANG_WARN_CONSTANT_CONVERSION = YES;
				CLANG_WARN_DIRECT_OBJC_ISA_USAGE = YES_ERROR;
				CLANG_WARN_EMPTY_BODY = YES;
				CLANG_WARN_ENUM_CONVERSION = YES;
				CLANG_WARN_INT_CONVERSION = YES;
				CLANG_WARN_OBJC_ROOT_CLASS = YES_ERROR;
				CLANG_WARN_UNREACHABLE_CODE = YES;
				CLANG_WARN__DUPLICATE_METHOD_MATCH = YES;
				"CODE_SIGN_IDENTITY[sdk=iphoneos*]" = "iPhone Developer";
				COPY_PHASE_STRIP = NO;
				DEBUG_INFORMATION_FORMAT = "dwarf-with-dsym";
				ENABLE_NS_ASSERTIONS = NO;
				ENABLE_STRICT_OBJC_MSGSEND = YES;
				GCC_C_LANGUAGE_STANDARD = gnu99;
				GCC_NO_COMMON_BLOCKS = YES;
				GCC_WARN_64_TO_32_BIT_CONVERSION = YES;
				GCC_WARN_ABOUT_RETURN_TYPE = YES_ERROR;
				GCC_WARN_UNDECLARED_SELECTOR = YES;
				GCC_WARN_UNINITIALIZED_AUTOS = YES_AGGRESSIVE;
				GCC_WARN_UNUSED_FUNCTION = YES;
				GCC_WARN_UNUSED_VARIABLE = YES;
				IPHONEOS_DEPLOYMENT_TARGET = 8.4;
				MTL_ENABLE_DEBUG_INFO = NO;
				SDKROOT = iphoneos;
				TARGETED_DEVICE_FAMILY = "1,2";
				VALIDATE_PRODUCT = YES;
			};
			name = Release;
		};
		CF019BDF1B75C9AD00180B14 /* Debug */ = {
			isa = XCBuildConfiguration;
			buildSettings = {
				ASSETCATALOG_COMPILER_APPICON_NAME = AppIcon;
				INFOPLIST_FILE = OverRustleiOS/Info.plist;
				LD_RUNPATH_SEARCH_PATHS = "$(inherited) @executable_path/Frameworks";
				PRODUCT_NAME = "$(TARGET_NAME)";
			};
			name = Debug;
		};
		CF019BE01B75C9AD00180B14 /* Release */ = {
			isa = XCBuildConfiguration;
			buildSettings = {
				ASSETCATALOG_COMPILER_APPICON_NAME = AppIcon;
				INFOPLIST_FILE = OverRustleiOS/Info.plist;
				LD_RUNPATH_SEARCH_PATHS = "$(inherited) @executable_path/Frameworks";
				PRODUCT_NAME = "$(TARGET_NAME)";
			};
			name = Release;
		};
		CF019BE21B75C9AD00180B14 /* Debug */ = {
			isa = XCBuildConfiguration;
			buildSettings = {
				BUNDLE_LOADER = "$(TEST_HOST)";
				FRAMEWORK_SEARCH_PATHS = (
					"$(SDKROOT)/Developer/Library/Frameworks",
					"$(inherited)",
				);
				GCC_PREPROCESSOR_DEFINITIONS = (
					"DEBUG=1",
					"$(inherited)",
				);
				INFOPLIST_FILE = OverRustleiOSTests/Info.plist;
				LD_RUNPATH_SEARCH_PATHS = "$(inherited) @executable_path/Frameworks @loader_path/Frameworks";
				PRODUCT_NAME = "$(TARGET_NAME)";
				TEST_HOST = "$(BUILT_PRODUCTS_DIR)/OverRustleiOS.app/OverRustleiOS";
			};
			name = Debug;
		};
		CF019BE31B75C9AD00180B14 /* Release */ = {
			isa = XCBuildConfiguration;
			buildSettings = {
				BUNDLE_LOADER = "$(TEST_HOST)";
				FRAMEWORK_SEARCH_PATHS = (
					"$(SDKROOT)/Developer/Library/Frameworks",
					"$(inherited)",
				);
				INFOPLIST_FILE = OverRustleiOSTests/Info.plist;
				LD_RUNPATH_SEARCH_PATHS = "$(inherited) @executable_path/Frameworks @loader_path/Frameworks";
				PRODUCT_NAME = "$(TARGET_NAME)";
				TEST_HOST = "$(BUILT_PRODUCTS_DIR)/OverRustleiOS.app/OverRustleiOS";
			};
			name = Release;
		};
/* End XCBuildConfiguration section */

/* Begin XCConfigurationList section */
		CF019BBA1B75C9AD00180B14 /* Build configuration list for PBXProject "OverRustleiOS" */ = {
			isa = XCConfigurationList;
			buildConfigurations = (
				CF019BDC1B75C9AD00180B14 /* Debug */,
				CF019BDD1B75C9AD00180B14 /* Release */,
			);
			defaultConfigurationIsVisible = 0;
			defaultConfigurationName = Release;
		};
		CF019BDE1B75C9AD00180B14 /* Build configuration list for PBXNativeTarget "OverRustleiOS" */ = {
			isa = XCConfigurationList;
			buildConfigurations = (
				CF019BDF1B75C9AD00180B14 /* Debug */,
				CF019BE01B75C9AD00180B14 /* Release */,
			);
			defaultConfigurationIsVisible = 0;
			defaultConfigurationName = Release;
		};
		CF019BE11B75C9AD00180B14 /* Build configuration list for PBXNativeTarget "OverRustleiOSTests" */ = {
			isa = XCConfigurationList;
			buildConfigurations = (
				CF019BE21B75C9AD00180B14 /* Debug */,
				CF019BE31B75C9AD00180B14 /* Release */,
			);
			defaultConfigurationIsVisible = 0;
			defaultConfigurationName = Release;
		};
/* End XCConfigurationList section */
	};
	rootObject = CF019BB71B75C9AD00180B14 /* Project object */;
}
